// !$*UTF8*$!
{
	archiveVersion = 1;
	classes = {
	};
	objectVersion = 77;
	objects = {

/* Begin PBXBuildFile section */
		95013ACD2F8C22A6007BC8F4 /* Assets.xcassets in Resources */ = {isa = PBXBuildFile; fileRef = 95013AC92F8C22A6007BC8F4 /* Assets.xcassets */; };
		95013ACF2F8C22A6007BC8F4 /* LeadersViewModel.swift in Sources */ = {isa = PBXBuildFile; fileRef = 95013AB52F8C22A6007BC8F4 /* LeadersViewModel.swift */; };
		95013AD02F8C22A6007BC8F4 /* PlayerViewModel.swift in Sources */ = {isa = PBXBuildFile; fileRef = 95013AB62F8C22A6007BC8F4 /* PlayerViewModel.swift */; };
		95013AD12F8C22A6007BC8F4 /* RosterViewModel.swift in Sources */ = {isa = PBXBuildFile; fileRef = 95013AB72F8C22A6007BC8F4 /* RosterViewModel.swift */; };
		95013AD22F8C22A6007BC8F4 /* SearchViewModel.swift in Sources */ = {isa = PBXBuildFile; fileRef = 95013AB82F8C22A6007BC8F4 /* SearchViewModel.swift */; };
		95013AD32F8C22A6007BC8F4 /* TeamViewModel.swift in Sources */ = {isa = PBXBuildFile; fileRef = 95013AB92F8C22A6007BC8F4 /* TeamViewModel.swift */; };
		95013AD42F8C22A6007BC8F4 /* Leaders.swift in Sources */ = {isa = PBXBuildFile; fileRef = 95013ABB2F8C22A6007BC8F4 /* Leaders.swift */; };
		95013AD52F8C22A6007BC8F4 /* Player.swift in Sources */ = {isa = PBXBuildFile; fileRef = 95013ABC2F8C22A6007BC8F4 /* Player.swift */; };
		95013AD62F8C22A6007BC8F4 /* Roster.swift in Sources */ = {isa = PBXBuildFile; fileRef = 95013ABD2F8C22A6007BC8F4 /* Roster.swift */; };
		95013AD72F8C22A6007BC8F4 /* Search.swift in Sources */ = {isa = PBXBuildFile; fileRef = 95013ABE2F8C22A6007BC8F4 /* Search.swift */; };
		95013AD82F8C22A6007BC8F4 /* Standings.swift in Sources */ = {isa = PBXBuildFile; fileRef = 95013ABF2F8C22A6007BC8F4 /* Standings.swift */; };
		95013AD92F8C22A6007BC8F4 /* Team.swift in Sources */ = {isa = PBXBuildFile; fileRef = 95013AC02F8C22A6007BC8F4 /* Team.swift */; };
		95013ADA2F8C22A6007BC8F4 /* FrontListView.swift in Sources */ = {isa = PBXBuildFile; fileRef = 95013AC22F8C22A6007BC8F4 /* FrontListView.swift */; };
		95013ADB2F8C22A6007BC8F4 /* LeadersListView.swift in Sources */ = {isa = PBXBuildFile; fileRef = 95013AC32F8C22A6007BC8F4 /* LeadersListView.swift */; };
		95013ADC2F8C22A6007BC8F4 /* PlayerListView.swift in Sources */ = {isa = PBXBuildFile; fileRef = 95013AC42F8C22A6007BC8F4 /* PlayerListView.swift */; };
		95013ADD2F8C22A6007BC8F4 /* RosterListView.swift in Sources */ = {isa = PBXBuildFile; fileRef = 95013AC52F8C22A6007BC8F4 /* RosterListView.swift */; };
		95013ADE2F8C22A6007BC8F4 /* SearchListView.swift in Sources */ = {isa = PBXBuildFile; fileRef = 95013AC62F8C22A6007BC8F4 /* SearchListView.swift */; };
		95013ADF2F8C22A6007BC8F4 /* TeamListView.swift in Sources */ = {isa = PBXBuildFile; fileRef = 95013AC72F8C22A6007BC8F4 /* TeamListView.swift */; };
		95013AE02F8C22A6007BC8F4 /* MLB25App.swift in Sources */ = {isa = PBXBuildFile; fileRef = 95013ACB2F8C22A6007BC8F4 /* MLB25App.swift */; };
		957CD2A32F9528A2000FB709 /* Chat.swift in Sources */ = {isa = PBXBuildFile; fileRef = 957CD2A22F9528A2000FB709 /* Chat.swift */; };
		957CD2A52F9528C0000FB709 /* ChatViewModel.swift in Sources */ = {isa = PBXBuildFile; fileRef = 957CD2A42F9528C0000FB709 /* ChatViewModel.swift */; };
		957CD2BF2F957C4E000FB709 /* ChatListView.swift in Sources */ = {isa = PBXBuildFile; fileRef = 957CD2BE2F957C4E000FB709 /* ChatListView.swift */; };
		95B8275C2F9BF93D006BB950 /* ServerScript in Resources */ = {isa = PBXBuildFile; fileRef = 95B8275B2F9BF93D006BB950 /* ServerScript */; };
		95BAFB1B2F96D77500DC51C9 /* TeamDetail.swift in Sources */ = {isa = PBXBuildFile; fileRef = 95BAFB1A2F96D77500DC51C9 /* TeamDetail.swift */; };
		95BAFB1D2F96D7C500DC51C9 /* TeamDetailViewModel.swift in Sources */ = {isa = PBXBuildFile; fileRef = 95BAFB1C2F96D7C500DC51C9 /* TeamDetailViewModel.swift */; };
		95BAFB1F2F96D7EB00DC51C9 /* TeamDetailListView.swift in Sources */ = {isa = PBXBuildFile; fileRef = 95BAFB1E2F96D7EB00DC51C9 /* TeamDetailListView.swift */; };
/* End PBXBuildFile section */

/* Begin PBXFileReference section */
		95013AB52F8C22A6007BC8F4 /* LeadersViewModel.swift */ = {isa = PBXFileReference; lastKnownFileType = sourcecode.swift; path = LeadersViewModel.swift; sourceTree = "<group>"; };
		95013AB62F8C22A6007BC8F4 /* PlayerViewModel.swift */ = {isa = PBXFileReference; lastKnownFileType = sourcecode.swift; path = PlayerViewModel.swift; sourceTree = "<group>"; };
		95013AB72F8C22A6007BC8F4 /* RosterViewModel.swift */ = {isa = PBXFileReference; lastKnownFileType = sourcecode.swift; path = RosterViewModel.swift; sourceTree = "<group>"; };
		95013AB82F8C22A6007BC8F4 /* SearchViewModel.swift */ = {isa = PBXFileReference; lastKnownFileType = sourcecode.swift; path = SearchViewModel.swift; sourceTree = "<group>"; };
		95013AB92F8C22A6007BC8F4 /* TeamViewModel.swift */ = {isa = PBXFileReference; lastKnownFileType = sourcecode.swift; path = TeamViewModel.swift; sourceTree = "<group>"; };
		95013ABB2F8C22A6007BC8F4 /* Leaders.swift */ = {isa = PBXFileReference; lastKnownFileType = sourcecode.swift; path = Leaders.swift; sourceTree = "<group>"; };
		95013ABC2F8C22A6007BC8F4 /* Player.swift */ = {isa = PBXFileReference; lastKnownFileType = sourcecode.swift; path = Player.swift; sourceTree = "<group>"; };
		95013ABD2F8C22A6007BC8F4 /* Roster.swift */ = {isa = PBXFileReference; lastKnownFileType = sourcecode.swift; path = Roster.swift; sourceTree = "<group>"; };
		95013ABE2F8C22A6007BC8F4 /* Search.swift */ = {isa = PBXFileReference; lastKnownFileType = sourcecode.swift; path = Search.swift; sourceTree = "<group>"; };
		95013ABF2F8C22A6007BC8F4 /* Standings.swift */ = {isa = PBXFileReference; lastKnownFileType = sourcecode.swift; path = Standings.swift; sourceTree = "<group>"; };
		95013AC02F8C22A6007BC8F4 /* Team.swift */ = {isa = PBXFileReference; lastKnownFileType = sourcecode.swift; path = Team.swift; sourceTree = "<group>"; };
		95013AC22F8C22A6007BC8F4 /* FrontListView.swift */ = {isa = PBXFileReference; lastKnownFileType = sourcecode.swift; path = FrontListView.swift; sourceTree = "<group>"; };
		95013AC32F8C22A6007BC8F4 /* LeadersListView.swift */ = {isa = PBXFileReference; lastKnownFileType = sourcecode.swift; path = LeadersListView.swift; sourceTree = "<group>"; };
		95013AC42F8C22A6007BC8F4 /* PlayerListView.swift */ = {isa = PBXFileReference; lastKnownFileType = sourcecode.swift; path = PlayerListView.swift; sourceTree = "<group>"; };
		95013AC52F8C22A6007BC8F4 /* RosterListView.swift */ = {isa = PBXFileReference; lastKnownFileType = sourcecode.swift; path = RosterListView.swift; sourceTree = "<group>"; };
		95013AC62F8C22A6007BC8F4 /* SearchListView.swift */ = {isa = PBXFileReference; lastKnownFileType = sourcecode.swift; path = SearchListView.swift; sourceTree = "<group>"; };
		95013AC72F8C22A6007BC8F4 /* TeamListView.swift */ = {isa = PBXFileReference; lastKnownFileType = sourcecode.swift; path = TeamListView.swift; sourceTree = "<group>"; };
		95013AC92F8C22A6007BC8F4 /* Assets.xcassets */ = {isa = PBXFileReference; lastKnownFileType = folder.assetcatalog; path = Assets.xcassets; sourceTree = "<group>"; };
		95013ACA2F8C22A6007BC8F4 /* Info.plist */ = {isa = PBXFileReference; lastKnownFileType = text.plist.xml; path = Info.plist; sourceTree = "<group>"; };
		95013ACB2F8C22A6007BC8F4 /* MLB25App.swift */ = {isa = PBXFileReference; lastKnownFileType = sourcecode.swift; path = MLB25App.swift; sourceTree = "<group>"; };
		957CD2A22F9528A2000FB709 /* Chat.swift */ = {isa = PBXFileReference; lastKnownFileType = sourcecode.swift; path = Chat.swift; sourceTree = "<group>"; };
		957CD2A42F9528C0000FB709 /* ChatViewModel.swift */ = {isa = PBXFileReference; lastKnownFileType = sourcecode.swift; path = ChatViewModel.swift; sourceTree = "<group>"; };
		957CD2BE2F957C4E000FB709 /* ChatListView.swift */ = {isa = PBXFileReference; lastKnownFileType = sourcecode.swift; path = ChatListView.swift; sourceTree = "<group>"; };
		95B8275B2F9BF93D006BB950 /* ServerScript */ = {isa = PBXFileReference; lastKnownFileType = text; path = ServerScript; sourceTree = "<group>"; };
		95BAFB1A2F96D77500DC51C9 /* TeamDetail.swift */ = {isa = PBXFileReference; lastKnownFileType = sourcecode.swift; path = TeamDetail.swift; sourceTree = "<group>"; };
		95BAFB1C2F96D7C500DC51C9 /* TeamDetailViewModel.swift */ = {isa = PBXFileReference; lastKnownFileType = sourcecode.swift; path = TeamDetailViewModel.swift; sourceTree = "<group>"; };
		95BAFB1E2F96D7EB00DC51C9 /* TeamDetailListView.swift */ = {isa = PBXFileReference; lastKnownFileType = sourcecode.swift; path = TeamDetailListView.swift; sourceTree = "<group>"; };
		95E794BE2F7DC95B006ADAC6 /* MLB25.app */ = {isa = PBXFileReference; explicitFileType = wrapper.application; includeInIndex = 0; path = MLB25.app; sourceTree = BUILT_PRODUCTS_DIR; };
/* End PBXFileReference section */

/* Begin PBXFrameworksBuildPhase section */
		95E794BB2F7DC95B006ADAC6 /* Frameworks */ = {
			isa = PBXFrameworksBuildPhase;
			buildActionMask = 2147483647;
			files = (
			);
			runOnlyForDeploymentPostprocessing = 0;
		};
/* End PBXFrameworksBuildPhase section */

/* Begin PBXGroup section */
		95013ABA2F8C22A6007BC8F4 /* Models */ = {
			isa = PBXGroup;
			children = (
				95013AB52F8C22A6007BC8F4 /* LeadersViewModel.swift */,
				957CD2A42F9528C0000FB709 /* ChatViewModel.swift */,
				95013AB62F8C22A6007BC8F4 /* PlayerViewModel.swift */,
				95013AB72F8C22A6007BC8F4 /* RosterViewModel.swift */,
				95013AB82F8C22A6007BC8F4 /* SearchViewModel.swift */,
				95013AB92F8C22A6007BC8F4 /* TeamViewModel.swift */,
				95BAFB1C2F96D7C500DC51C9 /* TeamDetailViewModel.swift */,
			);
			path = Models;
			sourceTree = "<group>";
		};
		95013AC12F8C22A6007BC8F4 /* Structs */ = {
			isa = PBXGroup;
			children = (
				95013ABB2F8C22A6007BC8F4 /* Leaders.swift */,
				957CD2A22F9528A2000FB709 /* Chat.swift */,
				95013ABC2F8C22A6007BC8F4 /* Player.swift */,
				95013ABD2F8C22A6007BC8F4 /* Roster.swift */,
				95013ABE2F8C22A6007BC8F4 /* Search.swift */,
				95013ABF2F8C22A6007BC8F4 /* Standings.swift */,
				95013AC02F8C22A6007BC8F4 /* Team.swift */,
				95BAFB1A2F96D77500DC51C9 /* TeamDetail.swift */,
			);
			path = Structs;
			sourceTree = "<group>";
		};
		95013AC82F8C22A6007BC8F4 /* Views */ = {
			isa = PBXGroup;
			children = (
				95013AC32F8C22A6007BC8F4 /* LeadersListView.swift */,
				957CD2BE2F957C4E000FB709 /* ChatListView.swift */,
				95013AC62F8C22A6007BC8F4 /* SearchListView.swift */,
				95013AC42F8C22A6007BC8F4 /* PlayerListView.swift */,
				95013AC52F8C22A6007BC8F4 /* RosterListView.swift */,
				95013AC72F8C22A6007BC8F4 /* TeamListView.swift */,
				95BAFB1E2F96D7EB00DC51C9 /* TeamDetailListView.swift */,
				95013AC22F8C22A6007BC8F4 /* FrontListView.swift */,
			);
			path = Views;
			sourceTree = "<group>";
		};
		95013ACC2F8C22A6007BC8F4 /* MLB25 */ = {
			isa = PBXGroup;
			children = (
				95B8275B2F9BF93D006BB950 /* ServerScript */,
				95013AC12F8C22A6007BC8F4 /* Structs */,
				95013ABA2F8C22A6007BC8F4 /* Models */,
				95013AC82F8C22A6007BC8F4 /* Views */,
				95013AC92F8C22A6007BC8F4 /* Assets.xcassets */,
				95013ACA2F8C22A6007BC8F4 /* Info.plist */,
				95013ACB2F8C22A6007BC8F4 /* MLB25App.swift */,
			);
			path = MLB25;
			sourceTree = "<group>";
		};
		95E794B52F7DC95B006ADAC6 = {
			isa = PBXGroup;
			children = (
				95013ACC2F8C22A6007BC8F4 /* MLB25 */,
				95E794BF2F7DC95B006ADAC6 /* Products */,
			);
			sourceTree = "<group>";
		};
		95E794BF2F7DC95B006ADAC6 /* Products */ = {
			isa = PBXGroup;
			children = (
				95E794BE2F7DC95B006ADAC6 /* MLB25.app */,
			);
			name = Products;
			sourceTree = "<group>";
		};
/* End PBXGroup section */

/* Begin PBXNativeTarget section */
		95E794BD2F7DC95B006ADAC6 /* MLB25 */ = {
			isa = PBXNativeTarget;
			buildConfigurationList = 95E794C92F7DC95C006ADAC6 /* Build configuration list for PBXNativeTarget "MLB25" */;
			buildPhases = (
				95E794BA2F7DC95B006ADAC6 /* Sources */,
				95E794BB2F7DC95B006ADAC6 /* Frameworks */,
				95E794BC2F7DC95B006ADAC6 /* Resources */,
			);
			buildRules = (
			);
			dependencies = (
			);
			name = MLB25;
			packageProductDependencies = (
			);
			productName = MLB25;
			productReference = 95E794BE2F7DC95B006ADAC6 /* MLB25.app */;
			productType = "com.apple.product-type.application";
		};
/* End PBXNativeTarget section */

/* Begin PBXProject section */
		95E794B62F7DC95B006ADAC6 /* Project object */ = {
			isa = PBXProject;
			attributes = {
				BuildIndependentTargetsInParallel = 1;
				LastSwiftUpdateCheck = 2640;
				LastUpgradeCheck = 2640;
				TargetAttributes = {
					95E794BD2F7DC95B006ADAC6 = {
						CreatedOnToolsVersion = 26.4;
					};
				};
			};
			buildConfigurationList = 95E794B92F7DC95B006ADAC6 /* Build configuration list for PBXProject "MLB25" */;
			developmentRegion = en;
			hasScannedForEncodings = 0;
			knownRegions = (
				en,
				Base,
			);
			mainGroup = 95E794B52F7DC95B006ADAC6;
			minimizedProjectReferenceProxies = 1;
			preferredProjectObjectVersion = 77;
			productRefGroup = 95E794BF2F7DC95B006ADAC6 /* Products */;
			projectDirPath = "";
			projectRoot = "";
			targets = (
				95E794BD2F7DC95B006ADAC6 /* MLB25 */,
			);
		};
/* End PBXProject section */

/* Begin PBXResourcesBuildPhase section */
		95E794BC2F7DC95B006ADAC6 /* Resources */ = {
			isa = PBXResourcesBuildPhase;
			buildActionMask = 2147483647;
			files = (
				95B8275C2F9BF93D006BB950 /* ServerScript in Resources */,
				95013ACD2F8C22A6007BC8F4 /* Assets.xcassets in Resources */,
			);
			runOnlyForDeploymentPostprocessing = 0;
		};
/* End PBXResourcesBuildPhase section */

/* Begin PBXSourcesBuildPhase section */
		95E794BA2F7DC95B006ADAC6 /* Sources */ = {
			isa = PBXSourcesBuildPhase;
			buildActionMask = 2147483647;
			files = (
				95013ACF2F8C22A6007BC8F4 /* LeadersViewModel.swift in Sources */,
				95013AD02F8C22A6007BC8F4 /* PlayerViewModel.swift in Sources */,
				957CD2A32F9528A2000FB709 /* Chat.swift in Sources */,
				95BAFB1B2F96D77500DC51C9 /* TeamDetail.swift in Sources */,
				95BAFB1F2F96D7EB00DC51C9 /* TeamDetailListView.swift in Sources */,
				95BAFB1D2F96D7C500DC51C9 /* TeamDetailViewModel.swift in Sources */,
				95013AD12F8C22A6007BC8F4 /* RosterViewModel.swift in Sources */,
				95013AD22F8C22A6007BC8F4 /* SearchViewModel.swift in Sources */,
				95013AD32F8C22A6007BC8F4 /* TeamViewModel.swift in Sources */,
				95013AD42F8C22A6007BC8F4 /* Leaders.swift in Sources */,
				95013AD52F8C22A6007BC8F4 /* Player.swift in Sources */,
				95013AD62F8C22A6007BC8F4 /* Roster.swift in Sources */,
				95013AD72F8C22A6007BC8F4 /* Search.swift in Sources */,
				957CD2BF2F957C4E000FB709 /* ChatListView.swift in Sources */,
				95013AD82F8C22A6007BC8F4 /* Standings.swift in Sources */,
				95013AD92F8C22A6007BC8F4 /* Team.swift in Sources */,
				95013ADA2F8C22A6007BC8F4 /* FrontListView.swift in Sources */,
				95013ADB2F8C22A6007BC8F4 /* LeadersListView.swift in Sources */,
				95013ADC2F8C22A6007BC8F4 /* PlayerListView.swift in Sources */,
				95013ADD2F8C22A6007BC8F4 /* RosterListView.swift in Sources */,
				95013ADE2F8C22A6007BC8F4 /* SearchListView.swift in Sources */,
				95013ADF2F8C22A6007BC8F4 /* TeamListView.swift in Sources */,
				957CD2A52F9528C0000FB709 /* ChatViewModel.swift in Sources */,
				95013AE02F8C22A6007BC8F4 /* MLB25App.swift in Sources */,
			);
			runOnlyForDeploymentPostprocessing = 0;
		};
/* End PBXSourcesBuildPhase section */

/* Begin XCBuildConfiguration section */
		95E794C72F7DC95C006ADAC6 /* Debug */ = {
			isa = XCBuildConfiguration;
			buildSettings = {
				ALWAYS_SEARCH_USER_PATHS = NO;
				ASSETCATALOG_COMPILER_GENERATE_SWIFT_ASSET_SYMBOL_EXTENSIONS = YES;
				CLANG_ANALYZER_NONNULL = YES;
				CLANG_ANALYZER_NUMBER_OBJECT_CONVERSION = YES_AGGRESSIVE;
				CLANG_CXX_LANGUAGE_STANDARD = "gnu++20";
				CLANG_ENABLE_MODULES = YES;
				CLANG_ENABLE_OBJC_ARC = YES;
				CLANG_ENABLE_OBJC_WEAK = YES;
				CLANG_WARN_BLOCK_CAPTURE_AUTORELEASING = YES;
				CLANG_WARN_BOOL_CONVERSION = YES;
				CLANG_WARN_COMMA = YES;
				CLANG_WARN_CONSTANT_CONVERSION = YES;
				CLANG_WARN_DEPRECATED_OBJC_IMPLEMENTATIONS = YES;
				CLANG_WARN_DIRECT_OBJC_ISA_USAGE = YES_ERROR;
				CLANG_WARN_DOCUMENTATION_COMMENTS = YES;
				CLANG_WARN_EMPTY_BODY = YES;
				CLANG_WARN_ENUM_CONVERSION = YES;
				CLANG_WARN_INFINITE_RECURSION = YES;
				CLANG_WARN_INT_CONVERSION = YES;
				CLANG_WARN_NON_LITERAL_NULL_CONVERSION = YES;
				CLANG_WARN_OBJC_IMPLICIT_RETAIN_SELF = YES;
				CLANG_WARN_OBJC_LITERAL_CONVERSION = YES;
				CLANG_WARN_OBJC_ROOT_CLASS = YES_ERROR;
				CLANG_WARN_QUOTED_INCLUDE_IN_FRAMEWORK_HEADER = YES;
				CLANG_WARN_RANGE_LOOP_ANALYSIS = YES;
				CLANG_WARN_STRICT_PROTOTYPES = YES;
				CLANG_WARN_SUSPICIOUS_MOVE = YES;
				CLANG_WARN_UNGUARDED_AVAILABILITY = YES_AGGRESSIVE;
				CLANG_WARN_UNREACHABLE_CODE = YES;
				CLANG_WARN__DUPLICATE_METHOD_MATCH = YES;
				COPY_PHASE_STRIP = NO;
				DEBUG_INFORMATION_FORMAT = dwarf;
				DEVELOPMENT_TEAM = TY8T4M8FFV;
				ENABLE_STRICT_OBJC_MSGSEND = YES;
				ENABLE_TESTABILITY = YES;
				ENABLE_USER_SCRIPT_SANDBOXING = YES;
				GCC_C_LANGUAGE_STANDARD = gnu17;
				GCC_DYNAMIC_NO_PIC = NO;
				GCC_NO_COMMON_BLOCKS = YES;
				GCC_OPTIMIZATION_LEVEL = 0;
				GCC_PREPROCESSOR_DEFINITIONS = (
					"DEBUG=1",
					"$(inherited)",
				);
				GCC_WARN_64_TO_32_BIT_CONVERSION = YES;
				GCC_WARN_ABOUT_RETURN_TYPE = YES_ERROR;
				GCC_WARN_UNDECLARED_SELECTOR = YES;
				GCC_WARN_UNINITIALIZED_AUTOS = YES_AGGRESSIVE;
				GCC_WARN_UNUSED_FUNCTION = YES;
				GCC_WARN_UNUSED_VARIABLE = YES;
				IPHONEOS_DEPLOYMENT_TARGET = 26.4;
				LOCALIZATION_PREFERS_STRING_CATALOGS = YES;
				MTL_ENABLE_DEBUG_INFO = INCLUDE_SOURCE;
				MTL_FAST_MATH = YES;
				ONLY_ACTIVE_ARCH = YES;
				SDKROOT = iphoneos;
				SWIFT_ACTIVE_COMPILATION_CONDITIONS = "DEBUG $(inherited)";
				SWIFT_OPTIMIZATION_LEVEL = "-Onone";
			};
			name = Debug;
		};
		95E794C82F7DC95C006ADAC6 /* Release */ = {
			isa = XCBuildConfiguration;
			buildSettings = {
				ALWAYS_SEARCH_USER_PATHS = NO;
				ASSETCATALOG_COMPILER_GENERATE_SWIFT_ASSET_SYMBOL_EXTENSIONS = YES;
				CLANG_ANALYZER_NONNULL = YES;
				CLANG_ANALYZER_NUMBER_OBJECT_CONVERSION = YES_AGGRESSIVE;
				CLANG_CXX_LANGUAGE_STANDARD = "gnu++20";
				CLANG_ENABLE_MODULES = YES;
				CLANG_ENABLE_OBJC_ARC = YES;
				CLANG_ENABLE_OBJC_WEAK = YES;
				CLANG_WARN_BLOCK_CAPTURE_AUTORELEASING = YES;
				CLANG_WARN_BOOL_CONVERSION = YES;
				CLANG_WARN_COMMA = YES;
				CLANG_WARN_CONSTANT_CONVERSION = YES;
				CLANG_WARN_DEPRECATED_OBJC_IMPLEMENTATIONS = YES;
				CLANG_WARN_DIRECT_OBJC_ISA_USAGE = YES_ERROR;
				CLANG_WARN_DOCUMENTATION_COMMENTS = YES;
				CLANG_WARN_EMPTY_BODY = YES;
				CLANG_WARN_ENUM_CONVERSION = YES;
				CLANG_WARN_INFINITE_RECURSION = YES;
				CLANG_WARN_INT_CONVERSION = YES;
				CLANG_WARN_NON_LITERAL_NULL_CONVERSION = YES;
				CLANG_WARN_OBJC_IMPLICIT_RETAIN_SELF = YES;
				CLANG_WARN_OBJC_LITERAL_CONVERSION = YES;
				CLANG_WARN_OBJC_ROOT_CLASS = YES_ERROR;
				CLANG_WARN_QUOTED_INCLUDE_IN_FRAMEWORK_HEADER = YES;
				CLANG_WARN_RANGE_LOOP_ANALYSIS = YES;
				CLANG_WARN_STRICT_PROTOTYPES = YES;
				CLANG_WARN_SUSPICIOUS_MOVE = YES;
				CLANG_WARN_UNGUARDED_AVAILABILITY = YES_AGGRESSIVE;
				CLANG_WARN_UNREACHABLE_CODE = YES;
				CLANG_WARN__DUPLICATE_METHOD_MATCH = YES;
				COPY_PHASE_STRIP = NO;
				DEBUG_INFORMATION_FORMAT = "dwarf-with-dsym";
				DEVELOPMENT_TEAM = TY8T4M8FFV;
				ENABLE_NS_ASSERTIONS = NO;
				ENABLE_STRICT_OBJC_MSGSEND = YES;
				ENABLE_USER_SCRIPT_SANDBOXING = YES;
				GCC_C_LANGUAGE_STANDARD = gnu17;
				GCC_NO_COMMON_BLOCKS = YES;
				GCC_WARN_64_TO_32_BIT_CONVERSION = YES;
				GCC_WARN_ABOUT_RETURN_TYPE = YES_ERROR;
				GCC_WARN_UNDECLARED_SELECTOR = YES;
				GCC_WARN_UNINITIALIZED_AUTOS = YES_AGGRESSIVE;
				GCC_WARN_UNUSED_FUNCTION = YES;
				GCC_WARN_UNUSED_VARIABLE = YES;
				IPHONEOS_DEPLOYMENT_TARGET = 26.4;
				LOCALIZATION_PREFERS_STRING_CATALOGS = YES;
				MTL_ENABLE_DEBUG_INFO = NO;
				MTL_FAST_MATH = YES;
				SDKROOT = iphoneos;
				SWIFT_COMPILATION_MODE = wholemodule;
				VALIDATE_PRODUCT = YES;
			};
			name = Release;
		};
		95E794CA2F7DC95C006ADAC6 /* Debug */ = {
			isa = XCBuildConfiguration;
			buildSettings = {
				ASSETCATALOG_COMPILER_APPICON_NAME = AppIcon;
				ASSETCATALOG_COMPILER_GLOBAL_ACCENT_COLOR_NAME = AccentColor;
				CODE_SIGN_STYLE = Automatic;
				CURRENT_PROJECT_VERSION = 1;
				DEVELOPMENT_TEAM = TY8T4M8FFV;
				ENABLE_PREVIEWS = YES;
				GENERATE_INFOPLIST_FILE = YES;
				INFOPLIST_FILE = MLB25/Info.plist;
				INFOPLIST_KEY_CFBundleDisplayName = MLBStats;
				INFOPLIST_KEY_UIApplicationSceneManifest_Generation = YES;
				INFOPLIST_KEY_UIApplicationSupportsIndirectInputEvents = YES;
				INFOPLIST_KEY_UISupportedInterfaceOrientations_iPad = "UIInterfaceOrientationPortrait UIInterfaceOrientationPortraitUpsideDown UIInterfaceOrientationLandscapeLeft UIInterfaceOrientationLandscapeRight";
				INFOPLIST_KEY_UISupportedInterfaceOrientations_iPhone = "UIInterfaceOrientationPortrait UIInterfaceOrientationLandscapeLeft UIInterfaceOrientationLandscapeRight";
				LD_RUNPATH_SEARCH_PATHS = (
					"$(inherited)",
					"@executable_path/Frameworks",
				);
				MARKETING_VERSION = 1.0;
				PRODUCT_BUNDLE_IDENTIFIER = com.abramson.MLB25;
				PRODUCT_NAME = "$(TARGET_NAME)";
				STRING_CATALOG_GENERATE_SYMBOLS = YES;
				SWIFT_APPROACHABLE_CONCURRENCY = YES;
				SWIFT_DEFAULT_ACTOR_ISOLATION = MainActor;
				SWIFT_EMIT_LOC_STRINGS = YES;
				SWIFT_UPCOMING_FEATURE_MEMBER_IMPORT_VISIBILITY = YES;
				SWIFT_VERSION = 5.0;
				TARGETED_DEVICE_FAMILY = "1,2";
			};
			name = Debug;
		};
		95E794CB2F7DC95C006ADAC6 /* Release */ = {
			isa = XCBuildConfiguration;
			buildSettings = {
				ASSETCATALOG_COMPILER_APPICON_NAME = AppIcon;
				ASSETCATALOG_COMPILER_GLOBAL_ACCENT_COLOR_NAME = AccentColor;
				CODE_SIGN_STYLE = Automatic;
				CURRENT_PROJECT_VERSION = 1;
				DEVELOPMENT_TEAM = TY8T4M8FFV;
				ENABLE_PREVIEWS = YES;
				GENERATE_INFOPLIST_FILE = YES;
				INFOPLIST_FILE = MLB25/Info.plist;
				INFOPLIST_KEY_CFBundleDisplayName = MLBStats;
				INFOPLIST_KEY_UIApplicationSceneManifest_Generation = YES;
				INFOPLIST_KEY_UIApplicationSupportsIndirectInputEvents = YES;
				INFOPLIST_KEY_UISupportedInterfaceOrientations_iPad = "UIInterfaceOrientationPortrait UIInterfaceOrientationPortraitUpsideDown UIInterfaceOrientationLandscapeLeft UIInterfaceOrientationLandscapeRight";
				INFOPLIST_KEY_UISupportedInterfaceOrientations_iPhone = "UIInterfaceOrientationPortrait UIInterfaceOrientationLandscapeLeft UIInterfaceOrientationLandscapeRight";
				LD_RUNPATH_SEARCH_PATHS = (
					"$(inherited)",
					"@executable_path/Frameworks",
				);
				MARKETING_VERSION = 1.0;
				PRODUCT_BUNDLE_IDENTIFIER = com.abramson.MLB25;
				PRODUCT_NAME = "$(TARGET_NAME)";
				STRING_CATALOG_GENERATE_SYMBOLS = YES;
				SWIFT_APPROACHABLE_CONCURRENCY = YES;
				SWIFT_DEFAULT_ACTOR_ISOLATION = MainActor;
				SWIFT_EMIT_LOC_STRINGS = YES;
				SWIFT_UPCOMING_FEATURE_MEMBER_IMPORT_VISIBILITY = YES;
				SWIFT_VERSION = 5.0;
				TARGETED_DEVICE_FAMILY = "1,2";
			};
			name = Release;
		};
/* End XCBuildConfiguration section */

/* Begin XCConfigurationList section */
		95E794B92F7DC95B006ADAC6 /* Build configuration list for PBXProject "MLB25" */ = {
			isa = XCConfigurationList;
			buildConfigurations = (
				95E794C72F7DC95C006ADAC6 /* Debug */,
				95E794C82F7DC95C006ADAC6 /* Release */,
			);
			defaultConfigurationIsVisible = 0;
			defaultConfigurationName = Release;
		};
		95E794C92F7DC95C006ADAC6 /* Build configuration list for PBXNativeTarget "MLB25" */ = {
			isa = XCConfigurationList;
			buildConfigurations = (
				95E794CA2F7DC95C006ADAC6 /* Debug */,
				95E794CB2F7DC95C006ADAC6 /* Release */,
			);
			defaultConfigurationIsVisible = 0;
			defaultConfigurationName = Release;
		};
/* End XCConfigurationList section */
	};
	rootObject = 95E794B62F7DC95B006ADAC6 /* Project object */;
}
